// !$*UTF8*$!
{
	archiveVersion = 1;
	classes = {
	};
	objectVersion = 50;
	objects = {

/* Begin PBXBuildFile section */
		148ACBCA25ADFE6B00592A18 /* TheLightUIApp.swift in Sources */ = {isa = PBXBuildFile; fileRef = 148ACBC925ADFE6B00592A18 /* TheLightUIApp.swift */; };
		148ACBCC25ADFE6B00592A18 /* ContentView.swift in Sources */ = {isa = PBXBuildFile; fileRef = 148ACBCB25ADFE6B00592A18 /* ContentView.swift */; };
		148ACBCE25ADFE6F00592A18 /* Assets.xcassets in Resources */ = {isa = PBXBuildFile; fileRef = 148ACBCD25ADFE6F00592A18 /* Assets.xcassets */; };
		148ACBD125ADFE6F00592A18 /* Preview Assets.xcassets in Resources */ = {isa = PBXBuildFile; fileRef = 148ACBD025ADFE6F00592A18 /* Preview Assets.xcassets */; };
/* End PBXBuildFile section */

/* Begin PBXFileReference section */
		148ACBC625ADFE6B00592A18 /* TheLightUI.app */ = {isa = PBXFileReference; explicitFileType = wrapper.application; includeInIndex = 0; path = TheLightUI.app; sourceTree = BUILT_PRODUCTS_DIR; };
		148ACBC925ADFE6B00592A18 /* TheLightUIApp.swift */ = {isa = PBXFileReference; lastKnownFileType = sourcecode.swift; path = TheLightUIApp.swift; sourceTree = "<group>"; };
		148ACBCB25ADFE6B00592A18 /* ContentView.swift */ = {isa = PBXFileReference; lastKnownFileType = sourcecode.swift; path = ContentView.swift; sourceTree = "<group>"; };
		148ACBCD25ADFE6F00592A18 /* Assets.xcassets */ = {isa = PBXFileReference; lastKnownFileType = folder.assetcatalog; path = Assets.xcassets; sourceTree = "<group>"; };
		148ACBD025ADFE6F00592A18 /* Preview Assets.xcassets */ = {isa = PBXFileReference; lastKnownFileType = folder.assetcatalog; path = "Preview Assets.xcassets"; sourceTree = "<group>"; };
		148ACBD225ADFE6F00592A18 /* Info.plist */ = {isa = PBXFileReference; lastKnownFileType = text.plist.xml; path = Info.plist; sourceTree = "<group>"; };
/* End PBXFileReference section */

/* Begin PBXFrameworksBuildPhase section */
		148ACBC325ADFE6B00592A18 /* Frameworks */ = {
			isa = PBXFrameworksBuildPhase;
			buildActionMask = 2147483647;
			files = (
			);
			runOnlyForDeploymentPostprocessing = 0;
		};
/* End PBXFrameworksBuildPhase section */

/* Begin PBXGroup section */
		148ACBBD25ADFE6A00592A18 = {
			isa = PBXGroup;
			children = (
				148ACBC825ADFE6B00592A18 /* TheLightUI */,
				148ACBC725ADFE6B00592A18 /* Products */,
			);
			sourceTree = "<group>";
		};
		148ACBC725ADFE6B00592A18 /* Products */ = {
			isa = PBXGroup;
			children = (
				148ACBC625ADFE6B00592A18 /* TheLightUI.app */,
			);
			name = Products;
			sourceTree = "<group>";
		};
		148ACBC825ADFE6B00592A18 /* TheLightUI */ = {
			isa = PBXGroup;
			children = (
				148ACBC925ADFE6B00592A18 /* TheLightUIApp.swift */,
				148ACBCB25ADFE6B00592A18 /* ContentView.swift */,
				148ACBCD25ADFE6F00592A18 /* Assets.xcassets */,
				148ACBD225ADFE6F00592A18 /* Info.plist */,
				148ACBCF25ADFE6F00592A18 /* Preview Content */,
			);
			path = TheLightUI;
			sourceTree = "<group>";
		};
		148ACBCF25ADFE6F00592A18 /* Preview Content */ = {
			isa = PBXGroup;
			children = (
				148ACBD025ADFE6F00592A18 /* Preview Assets.xcassets */,
			);
			path = "Preview Content";
			sourceTree = "<group>";
		};
/* End PBXGroup section */

/* Begin PBXNativeTarget section */
		148ACBC525ADFE6B00592A18 /* TheLightUI */ = {
			isa = PBXNativeTarget;
			buildConfigurationList = 148ACBD525ADFE6F00592A18 /* Build configuration list for PBXNativeTarget "TheLightUI" */;
			buildPhases = (
				148ACBC225ADFE6B00592A18 /* Sources */,
				148ACBC325ADFE6B00592A18 /* Frameworks */,
				148ACBC425ADFE6B00592A18 /* Resources */,
			);
			buildRules = (
			);
			dependencies = (
			);
			name = TheLightUI;
			productName = TheLightUI;
			productReference = 148ACBC625ADFE6B00592A18 /* TheLightUI.app */;
			productType = "com.apple.product-type.application";
		};
/* End PBXNativeTarget section */

/* Begin PBXProject section */
		148ACBBE25ADFE6A00592A18 /* Project object */ = {
			isa = PBXProject;
			attributes = {
				LastSwiftUpdateCheck = 1230;
				LastUpgradeCheck = 1230;
				TargetAttributes = {
					148ACBC525ADFE6B00592A18 = {
						CreatedOnToolsVersion = 12.3;
					};
				};
			};
			buildConfigurationList = 148ACBC125ADFE6B00592A18 /* Build configuration list for PBXProject "TheLightUI" */;
			compatibilityVersion = "Xcode 9.3";
			developmentRegion = en;
			hasScannedForEncodings = 0;
			knownRegions = (
				en,
				Base,
			);
			mainGroup = 148ACBBD25ADFE6A00592A18;
			productRefGroup = 148ACBC725ADFE6B00592A18 /* Products */;
			projectDirPath = "";
			projectRoot = "";
			targets = (
				148ACBC525ADFE6B00592A18 /* TheLightUI */,
			);
		};
/* End PBXProject section */

/* Begin PBXResourcesBuildPhase section */
		148ACBC425ADFE6B00592A18 /* Resources */ = {
			isa = PBXResourcesBuildPhase;
			buildActionMask = 2147483647;
			files = (
				148ACBD125ADFE6F00592A18 /* Preview Assets.xcassets in Resources */,
				148ACBCE25ADFE6F00592A18 /* Assets.xcassets in Resources */,
			);
			runOnlyForDeploymentPostprocessing = 0;
		};
/* End PBXResourcesBuildPhase section */

/* Begin PBXSourcesBuildPhase section */
		148ACBC225ADFE6B00592A18 /* Sources */ = {
			isa = PBXSourcesBuildPhase;
			buildActionMask = 2147483647;
			files = (
				148ACBCC25ADFE6B00592A18 /* ContentView.swift in Sources */,
				148ACBCA25ADFE6B00592A18 /* TheLightUIApp.swift in Sources */,
			);
			runOnlyForDeploymentPostprocessing = 0;
		};
/* End PBXSourcesBuildPhase section */

/* Begin XCBuildConfiguration section */
		148ACBD325ADFE6F00592A18 /* Debug */ = {
			isa = XCBuildConfiguration;
			buildSettings = {
				ALWAYS_SEARCH_USER_PATHS = NO;
				CLANG_ANALYZER_NONNULL = YES;
				CLANG_ANALYZER_NUMBER_OBJECT_CONVERSION = YES_AGGRESSIVE;
				CLANG_CXX_LANGUAGE_STANDARD = "gnu++14";
				CLANG_CXX_LIBRARY = "libc++";
				CLANG_ENABLE_MODULES = YES;
				CLANG_ENABLE_OBJC_ARC = YES;
				CLANG_ENABLE_OBJC_WEAK = YES;
				CLANG_WARN_BLOCK_CAPTURE_AUTORELEASING = YES;
				CLANG_WARN_BOOL_CONVERSION = YES;
				CLANG_WARN_COMMA = YES;
				CLANG_WARN_CONSTANT_CONVERSION = YES;
				CLANG_WARN_DEPRECATED_OBJC_IMPLEMENTATIONS = YES;
				CLANG_WARN_DIRECT_OBJC_ISA_USAGE = YES_ERROR;
				CLANG_WARN_DOCUMENTATION_COMMENTS = YES;
				CLANG_WARN_EMPTY_BODY = YES;
				CLANG_WARN_ENUM_CONVERSION = YES;
				CLANG_WARN_INFINITE_RECURSION = YES;
				CLANG_WARN_INT_CONVERSION = YES;
				CLANG_WARN_NON_LITERAL_NULL_CONVERSION = YES;
				CLANG_WARN_OBJC_IMPLICIT_RETAIN_SELF = YES;
				CLANG_WARN_OBJC_LITERAL_CONVERSION = YES;
				CLANG_WARN_OBJC_ROOT_CLASS = YES_ERROR;
				CLANG_WARN_QUOTED_INCLUDE_IN_FRAMEWORK_HEADER = YES;
				CLANG_WARN_RANGE_LOOP_ANALYSIS = YES;
				CLANG_WARN_STRICT_PROTOTYPES = YES;
				CLANG_WARN_SUSPICIOUS_MOVE = YES;
				CLANG_WARN_UNGUARDED_AVAILABILITY = YES_AGGRESSIVE;
				CLANG_WARN_UNREACHABLE_CODE = YES;
				CLANG_WARN__DUPLICATE_METHOD_MATCH = YES;
				COPY_PHASE_STRIP = NO;
				DEBUG_INFORMATION_FORMAT = dwarf;
				ENABLE_STRICT_OBJC_MSGSEND = YES;
				ENABLE_TESTABILITY = YES;
				GCC_C_LANGUAGE_STANDARD = gnu11;
				GCC_DYNAMIC_NO_PIC = NO;
				GCC_NO_COMMON_BLOCKS = YES;
				GCC_OPTIMIZATION_LEVEL = 0;
				GCC_PREPROCESSOR_DEFINITIONS = (
					"DEBUG=1",
					"$(inherited)",
				);
				GCC_WARN_64_TO_32_BIT_CONVERSION = YES;
				GCC_WARN_ABOUT_RETURN_TYPE = YES_ERROR;
				GCC_WARN_UNDECLARED_SELECTOR = YES;
				GCC_WARN_UNINITIALIZED_AUTOS = YES_AGGRESSIVE;
				GCC_WARN_UNUSED_FUNCTION = YES;
				GCC_WARN_UNUSED_VARIABLE = YES;
				IPHONEOS_DEPLOYMENT_TARGET = 14.3;
				MTL_ENABLE_DEBUG_INFO = INCLUDE_SOURCE;
				MTL_FAST_MATH = YES;
				ONLY_ACTIVE_ARCH = YES;
				SDKROOT = iphoneos;
				SWIFT_ACTIVE_COMPILATION_CONDITIONS = DEBUG;
				SWIFT_OPTIMIZATION_LEVEL = "-Onone";
			};
			name = Debug;
		};
		148ACBD425ADFE6F00592A18 /* Release */ = {
			isa = XCBuildConfiguration;
			buildSettings = {
				ALWAYS_SEARCH_USER_PATHS = NO;
				CLANG_ANALYZER_NONNULL = YES;
				CLANG_ANALYZER_NUMBER_OBJECT_CONVERSION = YES_AGGRESSIVE;
				CLANG_CXX_LANGUAGE_STANDARD = "gnu++14";
				CLANG_CXX_LIBRARY = "libc++";
				CLANG_ENABLE_MODULES = YES;
				CLANG_ENABLE_OBJC_ARC = YES;
				CLANG_ENABLE_OBJC_WEAK = YES;
				CLANG_WARN_BLOCK_CAPTURE_AUTORELEASING = YES;
				CLANG_WARN_BOOL_CONVERSION = YES;
				CLANG_WARN_COMMA = YES;
				CLANG_WARN_CONSTANT_CONVERSION = YES;
				CLANG_WARN_DEPRECATED_OBJC_IMPLEMENTATIONS = YES;
				CLANG_WARN_DIRECT_OBJC_ISA_USAGE = YES_ERROR;
				CLANG_WARN_DOCUMENTATION_COMMENTS = YES;
				CLANG_WARN_EMPTY_BODY = YES;
				CLANG_WARN_ENUM_CONVERSION = YES;
				CLANG_WARN_INFINITE_RECURSION = YES;
				CLANG_WARN_INT_CONVERSION = YES;
				CLANG_WARN_NON_LITERAL_NULL_CONVERSION = YES;
				CLANG_WARN_OBJC_IMPLICIT_RETAIN_SELF = YES;
				CLANG_WARN_OBJC_LITERAL_CONVERSION = YES;
				CLANG_WARN_OBJC_ROOT_CLASS = YES_ERROR;
				CLANG_WARN_QUOTED_INCLUDE_IN_FRAMEWORK_HEADER = YES;
				CLANG_WARN_RANGE_LOOP_ANALYSIS = YES;
				CLANG_WARN_STRICT_PROTOTYPES = YES;
				CLANG_WARN_SUSPICIOUS_MOVE = YES;
				CLANG_WARN_UNGUARDED_AVAILABILITY = YES_AGGRESSIVE;
				CLANG_WARN_UNREACHABLE_CODE = YES;
				CLANG_WARN__DUPLICATE_METHOD_MATCH = YES;
				COPY_PHASE_STRIP = NO;
				DEBUG_INFORMATION_FORMAT = "dwarf-with-dsym";
				ENABLE_NS_ASSERTIONS = NO;
				ENABLE_STRICT_OBJC_MSGSEND = YES;
				GCC_C_LANGUAGE_STANDARD = gnu11;
				GCC_NO_COMMON_BLOCKS = YES;
				GCC_WARN_64_TO_32_BIT_CONVERSION = YES;
				GCC_WARN_ABOUT_RETURN_TYPE = YES_ERROR;
				GCC_WARN_UNDECLARED_SELECTOR = YES;
				GCC_WARN_UNINITIALIZED_AUTOS = YES_AGGRESSIVE;
				GCC_WARN_UNUSED_FUNCTION = YES;
				GCC_WARN_UNUSED_VARIABLE = YES;
				IPHONEOS_DEPLOYMENT_TARGET = 14.3;
				MTL_ENABLE_DEBUG_INFO = NO;
				MTL_FAST_MATH = YES;
				SDKROOT = iphoneos;
				SWIFT_COMPILATION_MODE = wholemodule;
				SWIFT_OPTIMIZATION_LEVEL = "-O";
				VALIDATE_PRODUCT = YES;
			};
			name = Release;
		};
		148ACBD625ADFE6F00592A18 /* Debug */ = {
			isa = XCBuildConfiguration;
			buildSettings = {
				ASSETCATALOG_COMPILER_APPICON_NAME = AppIcon;
				ASSETCATALOG_COMPILER_GLOBAL_ACCENT_COLOR_NAME = AccentColor;
				CODE_SIGN_STYLE = Automatic;
				DEVELOPMENT_ASSET_PATHS = "\"TheLightUI/Preview Content\"";
				DEVELOPMENT_TEAM = FV44CLPZZU;
				ENABLE_PREVIEWS = YES;
				INFOPLIST_FILE = TheLightUI/Info.plist;
				IPHONEOS_DEPLOYMENT_TARGET = 14.0;
				LD_RUNPATH_SEARCH_PATHS = (
					"$(inherited)",
					"@executable_path/Frameworks",
				);
				PRODUCT_BUNDLE_IDENTIFIER = tilda.pavlovattattoo.TheLightUI;
				PRODUCT_NAME = "$(TARGET_NAME)";
				SWIFT_VERSION = 5.0;
				TARGETED_DEVICE_FAMILY = "1,2";
			};
			name = Debug;
		};
		148ACBD725ADFE6F00592A18 /* Release */ = {
			isa = XCBuildConfiguration;
			buildSettings = {
				ASSETCATALOG_COMPILER_APPICON_NAME = AppIcon;
				ASSETCATALOG_COMPILER_GLOBAL_ACCENT_COLOR_NAME = AccentColor;
				CODE_SIGN_STYLE = Automatic;
				DEVELOPMENT_ASSET_PATHS = "\"TheLightUI/Preview Content\"";
				DEVELOPMENT_TEAM = FV44CLPZZU;
				ENABLE_PREVIEWS = YES;
				INFOPLIST_FILE = TheLightUI/Info.plist;
				IPHONEOS_DEPLOYMENT_TARGET = 14.0;
				LD_RUNPATH_SEARCH_PATHS = (
					"$(inherited)",
					"@executable_path/Frameworks",
				);
				PRODUCT_BUNDLE_IDENTIFIER = tilda.pavlovattattoo.TheLightUI;
				PRODUCT_NAME = "$(TARGET_NAME)";
				SWIFT_VERSION = 5.0;
				TARGETED_DEVICE_FAMILY = "1,2";
			};
			name = Release;
		};
/* End XCBuildConfiguration section */

/* Begin XCConfigurationList section */
		148ACBC125ADFE6B00592A18 /* Build configuration list for PBXProject "TheLightUI" */ = {
			isa = XCConfigurationList;
			buildConfigurations = (
				148ACBD325ADFE6F00592A18 /* Debug */,
				148ACBD425ADFE6F00592A18 /* Release */,
			);
			defaultConfigurationIsVisible = 0;
			defaultConfigurationName = Release;
		};
		148ACBD525ADFE6F00592A18 /* Build configuration list for PBXNativeTarget "TheLightUI" */ = {
			isa = XCConfigurationList;
			buildConfigurations = (
				148ACBD625ADFE6F00592A18 /* Debug */,
				148ACBD725ADFE6F00592A18 /* Release */,
			);
			defaultConfigurationIsVisible = 0;
			defaultConfigurationName = Release;
		};
/* End XCConfigurationList section */
	};
	rootObject = 148ACBBE25ADFE6A00592A18 /* Project object */;
}
